
Microsoft Visual Studio Solution File, Format Version 12.00
# Visual Studio Version 16
VisualStudioVersion = 16.0.29613.14
MinimumVisualStudioVersion = 10.0.40219.1
Project("{FAE04EC0-301F-11D3-BF4B-00C04F79EFBC}") = "SolutionForGIBDD", "SolutionForGIBDD\SolutionForGIBDD.csproj", "{B2B838ED-ABE0-4382-98BA-8A64D67C477C}"
EndProject
Global
	GlobalSection(SolutionConfigurationPlatforms) = preSolution
		Debug|Any CPU = Debug|Any CPU
		Release|Any CPU = Release|Any CPU
	EndGlobalSection
	GlobalSection(ProjectConfigurationPlatforms) = postSolution
		{B2B838ED-ABE0-4382-98BA-8A64D67C477C}.Debug|Any CPU.ActiveCfg = Debug|Any CPU
		{B2B838ED-ABE0-4382-98BA-8A64D67C477C}.Debug|Any CPU.Build.0 = Debug|Any CPU
		{B2B838ED-ABE0-4382-98BA-8A64D67C477C}.Release|Any CPU.ActiveCfg = Release|Any CPU
		{B2B838ED-ABE0-4382-98BA-8A64D67C477C}.Release|Any CPU.Build.0 = Release|Any CPU
	EndGlobalSection
	GlobalSection(SolutionProperties) = preSolution
		HideSolutionNode = FALSE
	EndGlobalSection
	GlobalSection(ExtensibilityGlobals) = postSolution
		SolutionGuid = {CB9DD16A-CB87-4563-A422-D5EF95FC350C}
	EndGlobalSection
EndGlobal
